// !$*UTF8*$!
{
	archiveVersion = 1;
	classes = {
	};
	objectVersion = 46;
	objects = {

/* Begin PBXBuildFile section */
		629218EA1CF0807400C03985 /* icon-wordpress.png in Resources */ = {isa = PBXBuildFile; fileRef = 629218E91CF0807400C03985 /* icon-wordpress.png */; };
		629218EC1CF083C600C03985 /* icon-redmine.png in Resources */ = {isa = PBXBuildFile; fileRef = 629218EB1CF083C600C03985 /* icon-redmine.png */; };
		629218EE1CF083D800C03985 /* icon-cybozu.png in Resources */ = {isa = PBXBuildFile; fileRef = 629218ED1CF083D800C03985 /* icon-cybozu.png */; };
		629218F21CF0969600C03985 /* icon-copy.png in Resources */ = {isa = PBXBuildFile; fileRef = 629218EF1CF0969600C03985 /* icon-copy.png */; };
		629218F31CF0969600C03985 /* icon-map.png in Resources */ = {isa = PBXBuildFile; fileRef = 629218F01CF0969600C03985 /* icon-map.png */; };
		629218F41CF0969600C03985 /* icon-tel.png in Resources */ = {isa = PBXBuildFile; fileRef = 629218F11CF0969600C03985 /* icon-tel.png */; };
		926E885E1CED65220010D690 /* AppDelegate.swift in Sources */ = {isa = PBXBuildFile; fileRef = 926E885D1CED65220010D690 /* AppDelegate.swift */; };
		926E88601CED65220010D690 /* FirstViewController.swift in Sources */ = {isa = PBXBuildFile; fileRef = 926E885F1CED65220010D690 /* FirstViewController.swift */; };
		926E88621CED65220010D690 /* SecondViewController.swift in Sources */ = {isa = PBXBuildFile; fileRef = 926E88611CED65220010D690 /* SecondViewController.swift */; };
		926E88651CED65220010D690 /* Main.storyboard in Resources */ = {isa = PBXBuildFile; fileRef = 926E88631CED65220010D690 /* Main.storyboard */; };
		926E88671CED65220010D690 /* Assets.xcassets in Resources */ = {isa = PBXBuildFile; fileRef = 926E88661CED65220010D690 /* Assets.xcassets */; };
		926E886A1CED65220010D690 /* LaunchScreen.storyboard in Resources */ = {isa = PBXBuildFile; fileRef = 926E88681CED65220010D690 /* LaunchScreen.storyboard */; };
		926E88751CED65220010D690 /* tabbarappTests.swift in Sources */ = {isa = PBXBuildFile; fileRef = 926E88741CED65220010D690 /* tabbarappTests.swift */; };
		926E88801CED65220010D690 /* tabbarappUITests.swift in Sources */ = {isa = PBXBuildFile; fileRef = 926E887F1CED65220010D690 /* tabbarappUITests.swift */; };
		926E88901CED6D3D0010D690 /* splash.png in Resources */ = {isa = PBXBuildFile; fileRef = 926E888F1CED6D3D0010D690 /* splash.png */; };
		92D15FB81CEDA3A600EC4AC0 /* tab-02.png in Resources */ = {isa = PBXBuildFile; fileRef = 92D15FB71CEDA3A600EC4AC0 /* tab-02.png */; };
		92D15FBA1CEDA3AD00EC4AC0 /* tab-03.png in Resources */ = {isa = PBXBuildFile; fileRef = 92D15FB91CEDA3AD00EC4AC0 /* tab-03.png */; };
		92D15FBC1CEDA3EA00EC4AC0 /* tab-01.png in Resources */ = {isa = PBXBuildFile; fileRef = 92D15FBB1CEDA3EA00EC4AC0 /* tab-01.png */; };
		92D15FBE1CEDA91C00EC4AC0 /* ThirdViewController.swift in Sources */ = {isa = PBXBuildFile; fileRef = 92D15FBD1CEDA91C00EC4AC0 /* ThirdViewController.swift */; };
/* End PBXBuildFile section */

/* Begin PBXContainerItemProxy section */
		926E88711CED65220010D690 /* PBXContainerItemProxy */ = {
			isa = PBXContainerItemProxy;
			containerPortal = 926E88521CED65220010D690 /* Project object */;
			proxyType = 1;
			remoteGlobalIDString = 926E88591CED65220010D690;
			remoteInfo = tabbarapp;
		};
		926E887C1CED65220010D690 /* PBXContainerItemProxy */ = {
			isa = PBXContainerItemProxy;
			containerPortal = 926E88521CED65220010D690 /* Project object */;
			proxyType = 1;
			remoteGlobalIDString = 926E88591CED65220010D690;
			remoteInfo = tabbarapp;
		};
/* End PBXContainerItemProxy section */

/* Begin PBXFileReference section */
		629218E91CF0807400C03985 /* icon-wordpress.png */ = {isa = PBXFileReference; lastKnownFileType = image.png; path = "icon-wordpress.png"; sourceTree = "<group>"; };
		629218EB1CF083C600C03985 /* icon-redmine.png */ = {isa = PBXFileReference; lastKnownFileType = image.png; path = "icon-redmine.png"; sourceTree = "<group>"; };
		629218ED1CF083D800C03985 /* icon-cybozu.png */ = {isa = PBXFileReference; lastKnownFileType = image.png; path = "icon-cybozu.png"; sourceTree = "<group>"; };
		629218EF1CF0969600C03985 /* icon-copy.png */ = {isa = PBXFileReference; lastKnownFileType = image.png; path = "icon-copy.png"; sourceTree = "<group>"; };
		629218F01CF0969600C03985 /* icon-map.png */ = {isa = PBXFileReference; lastKnownFileType = image.png; path = "icon-map.png"; sourceTree = "<group>"; };
		629218F11CF0969600C03985 /* icon-tel.png */ = {isa = PBXFileReference; lastKnownFileType = image.png; path = "icon-tel.png"; sourceTree = "<group>"; };
		926E885A1CED65220010D690 /* Syngram.app */ = {isa = PBXFileReference; explicitFileType = wrapper.application; includeInIndex = 0; path = Syngram.app; sourceTree = BUILT_PRODUCTS_DIR; };
		926E885D1CED65220010D690 /* AppDelegate.swift */ = {isa = PBXFileReference; lastKnownFileType = sourcecode.swift; path = AppDelegate.swift; sourceTree = "<group>"; };
		926E885F1CED65220010D690 /* FirstViewController.swift */ = {isa = PBXFileReference; lastKnownFileType = sourcecode.swift; path = FirstViewController.swift; sourceTree = "<group>"; };
		926E88611CED65220010D690 /* SecondViewController.swift */ = {isa = PBXFileReference; lastKnownFileType = sourcecode.swift; path = SecondViewController.swift; sourceTree = "<group>"; };
		926E88641CED65220010D690 /* Base */ = {isa = PBXFileReference; lastKnownFileType = file.storyboard; name = Base; path = Base.lproj/Main.storyboard; sourceTree = "<group>"; };
		926E88661CED65220010D690 /* Assets.xcassets */ = {isa = PBXFileReference; lastKnownFileType = folder.assetcatalog; path = Assets.xcassets; sourceTree = "<group>"; };
		926E88691CED65220010D690 /* Base */ = {isa = PBXFileReference; lastKnownFileType = file.storyboard; name = Base; path = Base.lproj/LaunchScreen.storyboard; sourceTree = "<group>"; };
		926E886B1CED65220010D690 /* Info.plist */ = {isa = PBXFileReference; lastKnownFileType = text.plist.xml; path = Info.plist; sourceTree = "<group>"; };
		926E88701CED65220010D690 /* Syngram.xctest */ = {isa = PBXFileReference; explicitFileType = wrapper.cfbundle; includeInIndex = 0; path = Syngram.xctest; sourceTree = BUILT_PRODUCTS_DIR; };
		926E88741CED65220010D690 /* tabbarappTests.swift */ = {isa = PBXFileReference; lastKnownFileType = sourcecode.swift; path = tabbarappTests.swift; sourceTree = "<group>"; };
		926E88761CED65220010D690 /* Info.plist */ = {isa = PBXFileReference; lastKnownFileType = text.plist.xml; path = Info.plist; sourceTree = "<group>"; };
		926E887B1CED65220010D690 /* Syngram.xctest */ = {isa = PBXFileReference; explicitFileType = wrapper.cfbundle; includeInIndex = 0; path = Syngram.xctest; sourceTree = BUILT_PRODUCTS_DIR; };
		926E887F1CED65220010D690 /* tabbarappUITests.swift */ = {isa = PBXFileReference; lastKnownFileType = sourcecode.swift; path = tabbarappUITests.swift; sourceTree = "<group>"; };
		926E88811CED65220010D690 /* Info.plist */ = {isa = PBXFileReference; lastKnownFileType = text.plist.xml; path = Info.plist; sourceTree = "<group>"; };
		926E888F1CED6D3D0010D690 /* splash.png */ = {isa = PBXFileReference; lastKnownFileType = image.png; path = splash.png; sourceTree = "<group>"; };
		92D15FB71CEDA3A600EC4AC0 /* tab-02.png */ = {isa = PBXFileReference; lastKnownFileType = image.png; path = "tab-02.png"; sourceTree = "<group>"; };
		92D15FB91CEDA3AD00EC4AC0 /* tab-03.png */ = {isa = PBXFileReference; lastKnownFileType = image.png; path = "tab-03.png"; sourceTree = "<group>"; };
		92D15FBB1CEDA3EA00EC4AC0 /* tab-01.png */ = {isa = PBXFileReference; lastKnownFileType = image.png; path = "tab-01.png"; sourceTree = "<group>"; };
		92D15FBD1CEDA91C00EC4AC0 /* ThirdViewController.swift */ = {isa = PBXFileReference; fileEncoding = 4; lastKnownFileType = sourcecode.swift; path = ThirdViewController.swift; sourceTree = "<group>"; };
/* End PBXFileReference section */

/* Begin PBXFrameworksBuildPhase section */
		926E88571CED65220010D690 /* Frameworks */ = {
			isa = PBXFrameworksBuildPhase;
			buildActionMask = 2147483647;
			files = (
			);
			runOnlyForDeploymentPostprocessing = 0;
		};
		926E886D1CED65220010D690 /* Frameworks */ = {
			isa = PBXFrameworksBuildPhase;
			buildActionMask = 2147483647;
			files = (
			);
			runOnlyForDeploymentPostprocessing = 0;
		};
		926E88781CED65220010D690 /* Frameworks */ = {
			isa = PBXFrameworksBuildPhase;
			buildActionMask = 2147483647;
			files = (
			);
			runOnlyForDeploymentPostprocessing = 0;
		};
/* End PBXFrameworksBuildPhase section */

/* Begin PBXGroup section */
		926E88511CED65220010D690 = {
			isa = PBXGroup;
			children = (
				926E885C1CED65220010D690 /* tabbarapp */,
				926E88731CED65220010D690 /* tabbarappTests */,
				926E887E1CED65220010D690 /* tabbarappUITests */,
				926E885B1CED65220010D690 /* Products */,
			);
			sourceTree = "<group>";
		};
		926E885B1CED65220010D690 /* Products */ = {
			isa = PBXGroup;
			children = (
				926E885A1CED65220010D690 /* Syngram.app */,
				926E88701CED65220010D690 /* Syngram.xctest */,
				926E887B1CED65220010D690 /* Syngram.xctest */,
			);
			name = Products;
			sourceTree = "<group>";
		};
		926E885C1CED65220010D690 /* tabbarapp */ = {
			isa = PBXGroup;
			children = (
				92D15FBB1CEDA3EA00EC4AC0 /* tab-01.png */,
				92D15FB71CEDA3A600EC4AC0 /* tab-02.png */,
				92D15FB91CEDA3AD00EC4AC0 /* tab-03.png */,
				629218E91CF0807400C03985 /* icon-wordpress.png */,
				629218EB1CF083C600C03985 /* icon-redmine.png */,
				629218ED1CF083D800C03985 /* icon-cybozu.png */,
				629218EF1CF0969600C03985 /* icon-copy.png */,
				629218F01CF0969600C03985 /* icon-map.png */,
				629218F11CF0969600C03985 /* icon-tel.png */,
				92D15FBD1CEDA91C00EC4AC0 /* ThirdViewController.swift */,
				926E885D1CED65220010D690 /* AppDelegate.swift */,
				926E885F1CED65220010D690 /* FirstViewController.swift */,
				926E88611CED65220010D690 /* SecondViewController.swift */,
				926E888F1CED6D3D0010D690 /* splash.png */,
				926E88631CED65220010D690 /* Main.storyboard */,
				926E88661CED65220010D690 /* Assets.xcassets */,
				926E88681CED65220010D690 /* LaunchScreen.storyboard */,
				926E886B1CED65220010D690 /* Info.plist */,
			);
			path = tabbarapp;
			sourceTree = "<group>";
		};
		926E88731CED65220010D690 /* tabbarappTests */ = {
			isa = PBXGroup;
			children = (
				926E88741CED65220010D690 /* tabbarappTests.swift */,
				926E88761CED65220010D690 /* Info.plist */,
			);
			path = tabbarappTests;
			sourceTree = "<group>";
		};
		926E887E1CED65220010D690 /* tabbarappUITests */ = {
			isa = PBXGroup;
			children = (
				926E887F1CED65220010D690 /* tabbarappUITests.swift */,
				926E88811CED65220010D690 /* Info.plist */,
			);
			path = tabbarappUITests;
			sourceTree = "<group>";
		};
/* End PBXGroup section */

/* Begin PBXNativeTarget section */
		926E88591CED65220010D690 /* Syngram */ = {
			isa = PBXNativeTarget;
			buildConfigurationList = 926E88841CED65220010D690 /* Build configuration list for PBXNativeTarget "Syngram" */;
			buildPhases = (
				926E88561CED65220010D690 /* Sources */,
				926E88571CED65220010D690 /* Frameworks */,
				926E88581CED65220010D690 /* Resources */,
			);
			buildRules = (
			);
			dependencies = (
			);
			name = Syngram;
			productName = tabbarapp;
			productReference = 926E885A1CED65220010D690 /* Syngram.app */;
			productType = "com.apple.product-type.application";
		};
		926E886F1CED65220010D690 /* SyngramTests */ = {
			isa = PBXNativeTarget;
			buildConfigurationList = 926E88871CED65220010D690 /* Build configuration list for PBXNativeTarget "SyngramTests" */;
			buildPhases = (
				926E886C1CED65220010D690 /* Sources */,
				926E886D1CED65220010D690 /* Frameworks */,
				926E886E1CED65220010D690 /* Resources */,
			);
			buildRules = (
			);
			dependencies = (
				926E88721CED65220010D690 /* PBXTargetDependency */,
			);
			name = SyngramTests;
			productName = tabbarappTests;
			productReference = 926E88701CED65220010D690 /* Syngram.xctest */;
			productType = "com.apple.product-type.bundle.unit-test";
		};
		926E887A1CED65220010D690 /* SyngramUITests */ = {
			isa = PBXNativeTarget;
			buildConfigurationList = 926E888A1CED65220010D690 /* Build configuration list for PBXNativeTarget "SyngramUITests" */;
			buildPhases = (
				926E88771CED65220010D690 /* Sources */,
				926E88781CED65220010D690 /* Frameworks */,
				926E88791CED65220010D690 /* Resources */,
			);
			buildRules = (
			);
			dependencies = (
				926E887D1CED65220010D690 /* PBXTargetDependency */,
			);
			name = SyngramUITests;
			productName = tabbarappUITests;
			productReference = 926E887B1CED65220010D690 /* Syngram.xctest */;
			productType = "com.apple.product-type.bundle.ui-testing";
		};
/* End PBXNativeTarget section */

/* Begin PBXProject section */
		926E88521CED65220010D690 /* Project object */ = {
			isa = PBXProject;
			attributes = {
				LastSwiftUpdateCheck = 0730;
				LastUpgradeCheck = 0730;
				ORGANIZATIONNAME = "小野浩司";
				TargetAttributes = {
					926E88591CED65220010D690 = {
						CreatedOnToolsVersion = 7.3.1;
						DevelopmentTeam = 4RRBPR4A49;
					};
					926E886F1CED65220010D690 = {
						CreatedOnToolsVersion = 7.3.1;
						TestTargetID = 926E88591CED65220010D690;
					};
					926E887A1CED65220010D690 = {
						CreatedOnToolsVersion = 7.3.1;
						TestTargetID = 926E88591CED65220010D690;
					};
				};
			};
			buildConfigurationList = 926E88551CED65220010D690 /* Build configuration list for PBXProject "Syngram" */;
			compatibilityVersion = "Xcode 3.2";
			developmentRegion = English;
			hasScannedForEncodings = 0;
			knownRegions = (
				en,
				Base,
			);
			mainGroup = 926E88511CED65220010D690;
			productRefGroup = 926E885B1CED65220010D690 /* Products */;
			projectDirPath = "";
			projectRoot = "";
			targets = (
				926E88591CED65220010D690 /* Syngram */,
				926E886F1CED65220010D690 /* SyngramTests */,
				926E887A1CED65220010D690 /* SyngramUITests */,
			);
		};
/* End PBXProject section */

/* Begin PBXResourcesBuildPhase section */
		926E88581CED65220010D690 /* Resources */ = {
			isa = PBXResourcesBuildPhase;
			buildActionMask = 2147483647;
			files = (
				629218EE1CF083D800C03985 /* icon-cybozu.png in Resources */,
				629218EC1CF083C600C03985 /* icon-redmine.png in Resources */,
				926E886A1CED65220010D690 /* LaunchScreen.storyboard in Resources */,
				92D15FB81CEDA3A600EC4AC0 /* tab-02.png in Resources */,
				92D15FBA1CEDA3AD00EC4AC0 /* tab-03.png in Resources */,
				926E88671CED65220010D690 /* Assets.xcassets in Resources */,
				629218F21CF0969600C03985 /* icon-copy.png in Resources */,
				629218EA1CF0807400C03985 /* icon-wordpress.png in Resources */,
				92D15FBC1CEDA3EA00EC4AC0 /* tab-01.png in Resources */,
				926E88651CED65220010D690 /* Main.storyboard in Resources */,
				926E88901CED6D3D0010D690 /* splash.png in Resources */,
				629218F41CF0969600C03985 /* icon-tel.png in Resources */,
				629218F31CF0969600C03985 /* icon-map.png in Resources */,
			);
			runOnlyForDeploymentPostprocessing = 0;
		};
		926E886E1CED65220010D690 /* Resources */ = {
			isa = PBXResourcesBuildPhase;
			buildActionMask = 2147483647;
			files = (
			);
			runOnlyForDeploymentPostprocessing = 0;
		};
		926E88791CED65220010D690 /* Resources */ = {
			isa = PBXResourcesBuildPhase;
			buildActionMask = 2147483647;
			files = (
			);
			runOnlyForDeploymentPostprocessing = 0;
		};
/* End PBXResourcesBuildPhase section */

/* Begin PBXSourcesBuildPhase section */
		926E88561CED65220010D690 /* Sources */ = {
			isa = PBXSourcesBuildPhase;
			buildActionMask = 2147483647;
			files = (
				926E88621CED65220010D690 /* SecondViewController.swift in Sources */,
				926E885E1CED65220010D690 /* AppDelegate.swift in Sources */,
				92D15FBE1CEDA91C00EC4AC0 /* ThirdViewController.swift in Sources */,
				926E88601CED65220010D690 /* FirstViewController.swift in Sources */,
			);
			runOnlyForDeploymentPostprocessing = 0;
		};
		926E886C1CED65220010D690 /* Sources */ = {
			isa = PBXSourcesBuildPhase;
			buildActionMask = 2147483647;
			files = (
				926E88751CED65220010D690 /* tabbarappTests.swift in Sources */,
			);
			runOnlyForDeploymentPostprocessing = 0;
		};
		926E88771CED65220010D690 /* Sources */ = {
			isa = PBXSourcesBuildPhase;
			buildActionMask = 2147483647;
			files = (
				926E88801CED65220010D690 /* tabbarappUITests.swift in Sources */,
			);
			runOnlyForDeploymentPostprocessing = 0;
		};
/* End PBXSourcesBuildPhase section */

/* Begin PBXTargetDependency section */
		926E88721CED65220010D690 /* PBXTargetDependency */ = {
			isa = PBXTargetDependency;
			target = 926E88591CED65220010D690 /* Syngram */;
			targetProxy = 926E88711CED65220010D690 /* PBXContainerItemProxy */;
		};
		926E887D1CED65220010D690 /* PBXTargetDependency */ = {
			isa = PBXTargetDependency;
			target = 926E88591CED65220010D690 /* Syngram */;
			targetProxy = 926E887C1CED65220010D690 /* PBXContainerItemProxy */;
		};
/* End PBXTargetDependency section */

/* Begin PBXVariantGroup section */
		926E88631CED65220010D690 /* Main.storyboard */ = {
			isa = PBXVariantGroup;
			children = (
				926E88641CED65220010D690 /* Base */,
			);
			name = Main.storyboard;
			sourceTree = "<group>";
		};
		926E88681CED65220010D690 /* LaunchScreen.storyboard */ = {
			isa = PBXVariantGroup;
			children = (
				926E88691CED65220010D690 /* Base */,
			);
			name = LaunchScreen.storyboard;
			sourceTree = "<group>";
		};
/* End PBXVariantGroup section */

/* Begin XCBuildConfiguration section */
		926E88821CED65220010D690 /* Debug */ = {
			isa = XCBuildConfiguration;
			buildSettings = {
				ALWAYS_SEARCH_USER_PATHS = NO;
				CLANG_ANALYZER_NONNULL = YES;
				CLANG_CXX_LANGUAGE_STANDARD = "gnu++0x";
				CLANG_CXX_LIBRARY = "libc++";
				CLANG_ENABLE_MODULES = YES;
				CLANG_ENABLE_OBJC_ARC = YES;
				CLANG_WARN_BOOL_CONVERSION = YES;
				CLANG_WARN_CONSTANT_CONVERSION = YES;
				CLANG_WARN_DIRECT_OBJC_ISA_USAGE = YES_ERROR;
				CLANG_WARN_EMPTY_BODY = YES;
				CLANG_WARN_ENUM_CONVERSION = YES;
				CLANG_WARN_INT_CONVERSION = YES;
				CLANG_WARN_OBJC_ROOT_CLASS = YES_ERROR;
				CLANG_WARN_UNREACHABLE_CODE = YES;
				CLANG_WARN__DUPLICATE_METHOD_MATCH = YES;
				"CODE_SIGN_IDENTITY[sdk=iphoneos*]" = "iPhone Developer";
				COPY_PHASE_STRIP = NO;
				DEBUG_INFORMATION_FORMAT = dwarf;
				ENABLE_STRICT_OBJC_MSGSEND = YES;
				ENABLE_TESTABILITY = YES;
				GCC_C_LANGUAGE_STANDARD = gnu99;
				GCC_DYNAMIC_NO_PIC = NO;
				GCC_NO_COMMON_BLOCKS = YES;
				GCC_OPTIMIZATION_LEVEL = 0;
				GCC_PREPROCESSOR_DEFINITIONS = (
					"DEBUG=1",
					"$(inherited)",
				);
				GCC_WARN_64_TO_32_BIT_CONVERSION = YES;
				GCC_WARN_ABOUT_RETURN_TYPE = YES_ERROR;
				GCC_WARN_UNDECLARED_SELECTOR = YES;
				GCC_WARN_UNINITIALIZED_AUTOS = YES_AGGRESSIVE;
				GCC_WARN_UNUSED_FUNCTION = YES;
				GCC_WARN_UNUSED_VARIABLE = YES;
				IPHONEOS_DEPLOYMENT_TARGET = 9.3;
				MTL_ENABLE_DEBUG_INFO = YES;
				ONLY_ACTIVE_ARCH = YES;
				SDKROOT = iphoneos;
				SWIFT_OPTIMIZATION_LEVEL = "-Onone";
				TARGETED_DEVICE_FAMILY = "1,2";
			};
			name = Debug;
		};
		926E88831CED65220010D690 /* Release */ = {
			isa = XCBuildConfiguration;
			buildSettings = {
				ALWAYS_SEARCH_USER_PATHS = NO;
				CLANG_ANALYZER_NONNULL = YES;
				CLANG_CXX_LANGUAGE_STANDARD = "gnu++0x";
				CLANG_CXX_LIBRARY = "libc++";
				CLANG_ENABLE_MODULES = YES;
				CLANG_ENABLE_OBJC_ARC = YES;
				CLANG_WARN_BOOL_CONVERSION = YES;
				CLANG_WARN_CONSTANT_CONVERSION = YES;
				CLANG_WARN_DIRECT_OBJC_ISA_USAGE = YES_ERROR;
				CLANG_WARN_EMPTY_BODY = YES;
				CLANG_WARN_ENUM_CONVERSION = YES;
				CLANG_WARN_INT_CONVERSION = YES;
				CLANG_WARN_OBJC_ROOT_CLASS = YES_ERROR;
				CLANG_WARN_UNREACHABLE_CODE = YES;
				CLANG_WARN__DUPLICATE_METHOD_MATCH = YES;
				"CODE_SIGN_IDENTITY[sdk=iphoneos*]" = "iPhone Developer";
				COPY_PHASE_STRIP = NO;
				DEBUG_INFORMATION_FORMAT = "dwarf-with-dsym";
				ENABLE_NS_ASSERTIONS = NO;
				ENABLE_STRICT_OBJC_MSGSEND = YES;
				GCC_C_LANGUAGE_STANDARD = gnu99;
				GCC_NO_COMMON_BLOCKS = YES;
				GCC_WARN_64_TO_32_BIT_CONVERSION = YES;
				GCC_WARN_ABOUT_RETURN_TYPE = YES_ERROR;
				GCC_WARN_UNDECLARED_SELECTOR = YES;
				GCC_WARN_UNINITIALIZED_AUTOS = YES_AGGRESSIVE;
				GCC_WARN_UNUSED_FUNCTION = YES;
				GCC_WARN_UNUSED_VARIABLE = YES;
				IPHONEOS_DEPLOYMENT_TARGET = 9.3;
				MTL_ENABLE_DEBUG_INFO = NO;
				SDKROOT = iphoneos;
				TARGETED_DEVICE_FAMILY = "1,2";
				VALIDATE_PRODUCT = YES;
			};
			name = Release;
		};
		926E88851CED65220010D690 /* Debug */ = {
			isa = XCBuildConfiguration;
			buildSettings = {
				ASSETCATALOG_COMPILER_APPICON_NAME = AppIcon;
				CODE_SIGN_IDENTITY = "iPhone Developer";
				"CODE_SIGN_IDENTITY[sdk=iphoneos*]" = "iPhone Developer";
				INFOPLIST_FILE = tabbarapp/Info.plist;
				LD_RUNPATH_SEARCH_PATHS = "$(inherited) @executable_path/Frameworks";
				PRODUCT_BUNDLE_IDENTIFIER = onokoji.com.syngram;
				PRODUCT_NAME = Syngram;
				PROVISIONING_PROFILE = "";
			};
			name = Debug;
		};
		926E88861CED65220010D690 /* Release */ = {
			isa = XCBuildConfiguration;
			buildSettings = {
				ASSETCATALOG_COMPILER_APPICON_NAME = AppIcon;
				CODE_SIGN_IDENTITY = "iPhone Developer";
				"CODE_SIGN_IDENTITY[sdk=iphoneos*]" = "iPhone Developer";
				INFOPLIST_FILE = tabbarapp/Info.plist;
				LD_RUNPATH_SEARCH_PATHS = "$(inherited) @executable_path/Frameworks";
				PRODUCT_BUNDLE_IDENTIFIER = onokoji.com.syngram;
				PRODUCT_NAME = Syngram;
				PROVISIONING_PROFILE = "";
			};
			name = Release;
		};
		926E88881CED65220010D690 /* Debug */ = {
			isa = XCBuildConfiguration;
			buildSettings = {
				BUNDLE_LOADER = "$(TEST_HOST)";
				INFOPLIST_FILE = tabbarappTests/Info.plist;
				LD_RUNPATH_SEARCH_PATHS = "$(inherited) @executable_path/Frameworks @loader_path/Frameworks";
				PRODUCT_BUNDLE_IDENTIFIER = onokoji.com.tabbarappTests;
				PRODUCT_NAME = Syngram;
				TEST_HOST = "$(BUILT_PRODUCTS_DIR)/Syngram.app/Syngram";
			};
			name = Debug;
		};
		926E88891CED65220010D690 /* Release */ = {
			isa = XCBuildConfiguration;
			buildSettings = {
				BUNDLE_LOADER = "$(TEST_HOST)";
				INFOPLIST_FILE = tabbarappTests/Info.plist;
				LD_RUNPATH_SEARCH_PATHS = "$(inherited) @executable_path/Frameworks @loader_path/Frameworks";
				PRODUCT_BUNDLE_IDENTIFIER = onokoji.com.tabbarappTests;
				PRODUCT_NAME = Syngram;
				TEST_HOST = "$(BUILT_PRODUCTS_DIR)/Syngram.app/Syngram";
			};
			name = Release;
		};
		926E888B1CED65220010D690 /* Debug */ = {
			isa = XCBuildConfiguration;
			buildSettings = {
				INFOPLIST_FILE = tabbarappUITests/Info.plist;
				LD_RUNPATH_SEARCH_PATHS = "$(inherited) @executable_path/Frameworks @loader_path/Frameworks";
				PRODUCT_BUNDLE_IDENTIFIER = onokoji.com.tabbarappUITests;
				PRODUCT_NAME = Syngram;
				TEST_TARGET_NAME = tabbarapp;
			};
			name = Debug;
		};
		926E888C1CED65220010D690 /* Release */ = {
			isa = XCBuildConfiguration;
			buildSettings = {
				INFOPLIST_FILE = tabbarappUITests/Info.plist;
				LD_RUNPATH_SEARCH_PATHS = "$(inherited) @executable_path/Frameworks @loader_path/Frameworks";
				PRODUCT_BUNDLE_IDENTIFIER = onokoji.com.tabbarappUITests;
				PRODUCT_NAME = Syngram;
				TEST_TARGET_NAME = tabbarapp;
			};
			name = Release;
		};
/* End XCBuildConfiguration section */

/* Begin XCConfigurationList section */
		926E88551CED65220010D690 /* Build configuration list for PBXProject "Syngram" */ = {
			isa = XCConfigurationList;
			buildConfigurations = (
				926E88821CED65220010D690 /* Debug */,
				926E88831CED65220010D690 /* Release */,
			);
			defaultConfigurationIsVisible = 0;
			defaultConfigurationName = Release;
		};
		926E88841CED65220010D690 /* Build configuration list for PBXNativeTarget "Syngram" */ = {
			isa = XCConfigurationList;
			buildConfigurations = (
				926E88851CED65220010D690 /* Debug */,
				926E88861CED65220010D690 /* Release */,
			);
			defaultConfigurationIsVisible = 0;
			defaultConfigurationName = Release;
		};
		926E88871CED65220010D690 /* Build configuration list for PBXNativeTarget "SyngramTests" */ = {
			isa = XCConfigurationList;
			buildConfigurations = (
				926E88881CED65220010D690 /* Debug */,
				926E88891CED65220010D690 /* Release */,
			);
			defaultConfigurationIsVisible = 0;
			defaultConfigurationName = Release;
		};
		926E888A1CED65220010D690 /* Build configuration list for PBXNativeTarget "SyngramUITests" */ = {
			isa = XCConfigurationList;
			buildConfigurations = (
				926E888B1CED65220010D690 /* Debug */,
				926E888C1CED65220010D690 /* Release */,
			);
			defaultConfigurationIsVisible = 0;
			defaultConfigurationName = Release;
		};
/* End XCConfigurationList section */
	};
	rootObject = 926E88521CED65220010D690 /* Project object */;
}
